
Microsoft Visual Studio Solution File, Format Version 12.00
# Visual Studio Version 16
VisualStudioVersion = 16.0.30611.23
MinimumVisualStudioVersion = 10.0.40219.1
Project("{FAE04EC0-301F-11D3-BF4B-00C04F79EFBC}") = "SuperMarketConsumer", "SuperMarketConsumer.csproj", "{04ACB7B5-B08D-42D3-A5E8-BE4A7796E5D2}"
EndProject
Global
	GlobalSection(SolutionConfigurationPlatforms) = preSolution
		Debug|Any CPU = Debug|Any CPU
		Release|Any CPU = Release|Any CPU
	EndGlobalSection
	GlobalSection(ProjectConfigurationPlatforms) = postSolution
		{04ACB7B5-B08D-42D3-A5E8-BE4A7796E5D2}.Debug|Any CPU.ActiveCfg = Debug|Any CPU
		{04ACB7B5-B08D-42D3-A5E8-BE4A7796E5D2}.Debug|Any CPU.Build.0 = Debug|Any CPU
		{04ACB7B5-B08D-42D3-A5E8-BE4A7796E5D2}.Release|Any CPU.ActiveCfg = Release|Any CPU
		{04ACB7B5-B08D-42D3-A5E8-BE4A7796E5D2}.Release|Any CPU.Build.0 = Release|Any CPU
	EndGlobalSection
	GlobalSection(SolutionProperties) = preSolution
		HideSolutionNode = FALSE
	EndGlobalSection
	GlobalSection(ExtensibilityGlobals) = postSolution
		SolutionGuid = {8F947E38-AB42-481D-9F91-9EDFA0EA2D08}
	EndGlobalSection
EndGlobal
